PODS:
  - Cuckoo (1.9.1):
    - Cuckoo/Swift (= 1.9.1)
  - Cuckoo/Swift (1.9.1)
  - GCDWebServer/Core (3.5.4)
  - GCDWebServer/WebUploader (3.5.4):
    - GCDWebServer/Core
  - lottie-ios (3.5.0)
  - ReachabilitySwift (5.0.0)
  - Shifu (0.7.12):
    - ReachabilitySwift
  - ShifuLottie (0.7.12):
    - lottie-ios
    - Shifu
  - ShifuWebServer (0.7.12):
    - GCDWebServer/WebUploader
    - Shifu
    - SwiftSoup
  - SwiftSoup (2.4.3)

DEPENDENCIES:
  - Cuckoo
  - Shifu (from `../`)
  - ShifuLottie (from `../`)
  - ShifuWebServer (from `../`)

SPEC REPOS:
  trunk:
    - Cuckoo
    - GCDWebServer
    - lottie-ios
    - ReachabilitySwift
    - SwiftSoup

EXTERNAL SOURCES:
  Shifu:
    :path: "../"
  ShifuLottie:
    :path: "../"
  ShifuWebServer:
    :path: "../"

SPEC CHECKSUMS:
  Cuckoo: 1b6793fe60fac29af50b0a5915bc309a4a1ac673
  GCDWebServer: 2c156a56c8226e2d5c0c3f208a3621ccffbe3ce4
  lottie-ios: c55158d67d0629a260625cc2ded2052b829e3c3e
  ReachabilitySwift: 985039c6f7b23a1da463388634119492ff86c825
  Shifu: dd4bf196ebe7d5a0666072e45c5f7f159eae7408
  ShifuLottie: f2b73f4cfd500b5e329692c79b7160a8e7604045
  ShifuWebServer: 88abefeff092e9ef49f572ccce98e53431b057a9
  SwiftSoup: 3384f2e618cfc1b3cbc7852c16692fe8de13fb8f

PODFILE CHECKSUM: 1a06a46a2b509ee9287cc6cecab8f30e7e6ff17f

COCOAPODS: 1.11.3
