PODS:
  - Cuckoo (1.7.1):
    - Cuckoo/Swift (= 1.7.1)
  - Cuckoo/Swift (1.7.1)
  - GCDWebServer/Core (3.5.4)
  - GCDWebServer/WebUploader (3.5.4):
    - GCDWebServer/Core
  - ReachabilitySwift (5.0.0)
  - Shifu (0.7.2):
    - GCDWebServer/WebUploader
    - ReachabilitySwift

DEPENDENCIES:
  - Cuckoo
  - Shifu (from `../`)

SPEC REPOS:
  trunk:
    - Cuckoo
    - GCDWebServer
    - ReachabilitySwift

EXTERNAL SOURCES:
  Shifu:
    :path: "../"

SPEC CHECKSUMS:
  Cuckoo: 9e258d68137c411df47c6390f72901d5276b4f03
  GCDWebServer: 2c156a56c8226e2d5c0c3f208a3621ccffbe3ce4
  ReachabilitySwift: 985039c6f7b23a1da463388634119492ff86c825
  Shifu: 85a1987b6a93c2dbc4d82b02881952adc8b30edf

PODFILE CHECKSUM: bba794fd2951eaff16dd1ead58db9494e1d99156

COCOAPODS: 1.11.3
