// !$*UTF8*$!
{
	archiveVersion = 1;
	classes = {
	};
	objectVersion = 54;
	objects = {

/* Begin PBXBuildFile section */
		10E3E517252BEEBF58501297 /* Pods_ShifuExample.framework in Frameworks */ = {isa = PBXBuildFile; fileRef = FABA4CEFA6CB57BAD5570379 /* Pods_ShifuExample.framework */; };
		3C1A645927D64ADD0093A98B /* ModelDemo.swift in Sources */ = {isa = PBXBuildFile; fileRef = 3C1A645827D64ADD0093A98B /* ModelDemo.swift */; };
		3C1A646127DE30EE0093A98B /* SceneAndPerson.swift in Sources */ = {isa = PBXBuildFile; fileRef = 3C1A646027DE30EE0093A98B /* SceneAndPerson.swift */; };
		3C2F1CE127F155BC0027F24F /* AnimationDemo.swift in Sources */ = {isa = PBXBuildFile; fileRef = 3C2F1CE027F155BC0027F24F /* AnimationDemo.swift */; };
		3C2F1CE327F1E3DA0027F24F /* NavigationStyleDemo.swift in Sources */ = {isa = PBXBuildFile; fileRef = 3C2F1CE227F1E3DA0027F24F /* NavigationStyleDemo.swift */; };
		3C3C46CB27A8625400BCB074 /* Config.swift in Sources */ = {isa = PBXBuildFile; fileRef = 3C3C46CA27A8625400BCB074 /* Config.swift */; };
		3C3C46CF27B2C40D00BCB074 /* HomeViewModel.swift in Sources */ = {isa = PBXBuildFile; fileRef = 3C3C46CE27B2C40C00BCB074 /* HomeViewModel.swift */; };
		3C3C46D527B6A44E00BCB074 /* WebViewDemo.swift in Sources */ = {isa = PBXBuildFile; fileRef = 3C3C46D427B6A44E00BCB074 /* WebViewDemo.swift */; };
		3C3C46D927B9156800BCB074 /* launch.png in Resources */ = {isa = PBXBuildFile; fileRef = 3C3C46D827B9156700BCB074 /* launch.png */; };
		3C3C46DE27B92E6F00BCB074 /* ColorThemeManagerDemo.swift in Sources */ = {isa = PBXBuildFile; fileRef = 3C3C46DD27B92E6F00BCB074 /* ColorThemeManagerDemo.swift */; };
		3C3C46E227B9406300BCB074 /* source in Resources */ = {isa = PBXBuildFile; fileRef = 3C3C46E127B9406300BCB074 /* source */; };
		3C3C46EA27BB9F2C00BCB074 /* ShifuWebViewDemo.swift in Sources */ = {isa = PBXBuildFile; fileRef = 3C3C46E927BB9F2C00BCB074 /* ShifuWebViewDemo.swift */; };
		3C9C98BC27C48D9800D4B8B9 /* SoundWaveImageDemo.swift in Sources */ = {isa = PBXBuildFile; fileRef = 3C9C98BB27C48D9700D4B8B9 /* SoundWaveImageDemo.swift */; };
		3CA9D78627C90CD700A32044 /* ToMarkdownDemo.swift in Sources */ = {isa = PBXBuildFile; fileRef = 3CA9D78527C90CD700A32044 /* ToMarkdownDemo.swift */; };
		3CB10720280721D2007E4F5B /* ShifuExampleTests.swift in Sources */ = {isa = PBXBuildFile; fileRef = 3CB1071F280721D2007E4F5B /* ShifuExampleTests.swift */; };
		3CB10723280723B1007E4F5B /* GeneratedMocks.swift in Sources */ = {isa = PBXBuildFile; fileRef = 3CB10722280723B1007E4F5B /* GeneratedMocks.swift */; };
		607FACD61AFB9204008FA782 /* AppDelegate.swift in Sources */ = {isa = PBXBuildFile; fileRef = 607FACD51AFB9204008FA782 /* AppDelegate.swift */; };
		607FACDD1AFB9204008FA782 /* Images.xcassets in Resources */ = {isa = PBXBuildFile; fileRef = 607FACDC1AFB9204008FA782 /* Images.xcassets */; };
		607FACE01AFB9204008FA782 /* LaunchScreen.xib in Resources */ = {isa = PBXBuildFile; fileRef = 607FACDE1AFB9204008FA782 /* LaunchScreen.xib */; };
		99244B5D261C9FDA0027A1D7 /* HomeView.swift in Sources */ = {isa = PBXBuildFile; fileRef = 99244B5C261C9FDA0027A1D7 /* HomeView.swift */; };
		99BA8070244BF2B0006E839F /* InfoPlist.strings in Resources */ = {isa = PBXBuildFile; fileRef = 99BA8072244BF2B0006E839F /* InfoPlist.strings */; };
		B757972E6B16479D3511D066 /* Pods_ShifuExampleTests.framework in Frameworks */ = {isa = PBXBuildFile; fileRef = 7C6CAA8E7FC3862D7C704DDA /* Pods_ShifuExampleTests.framework */; };
		C7069477289E6F810045BFBF /* lottie_example.json in Resources */ = {isa = PBXBuildFile; fileRef = C7069476289E6F810045BFBF /* lottie_example.json */; };
		C7177D11284A11F500372629 /* IconsDemo.swift in Sources */ = {isa = PBXBuildFile; fileRef = C7177D10284A11F500372629 /* IconsDemo.swift */; };
		C7268DA529E1449800A4A570 /* YouglishWebViewDemo.swift in Sources */ = {isa = PBXBuildFile; fileRef = C7268DA429E1449800A4A570 /* YouglishWebViewDemo.swift */; };
		C72CB725282961BD000FBF12 /* ShimmerDemo.swift in Sources */ = {isa = PBXBuildFile; fileRef = C72CB724282961BD000FBF12 /* ShimmerDemo.swift */; };
		C753079F297FC32300C26967 /* PopoverDemo.swift in Sources */ = {isa = PBXBuildFile; fileRef = C753079E297FC32300C26967 /* PopoverDemo.swift */; };
		C75700BC290585ED00C69233 /* PreviewDemo.swift in Sources */ = {isa = PBXBuildFile; fileRef = C75700BB290585ED00C69233 /* PreviewDemo.swift */; };
		C75700C02906CB4400C69233 /* DrawingViewDemo.swift in Sources */ = {isa = PBXBuildFile; fileRef = C75700BF2906CB4400C69233 /* DrawingViewDemo.swift */; };
		C768B8822883161500F0A18B /* NavigationAnimationDemo.swift in Sources */ = {isa = PBXBuildFile; fileRef = C768B8812883161500F0A18B /* NavigationAnimationDemo.swift */; };
		C76AA64128673FCF002A1090 /* OnEnterFrameDemo.swift in Sources */ = {isa = PBXBuildFile; fileRef = C76AA64028673FCF002A1090 /* OnEnterFrameDemo.swift */; };
		C76AA648286F43D0002A1090 /* StickyIconDemo.swift in Sources */ = {isa = PBXBuildFile; fileRef = C76AA647286F43D0002A1090 /* StickyIconDemo.swift */; };
		C76AA64E28732B9F002A1090 /* AttributedStringDemo.swift in Sources */ = {isa = PBXBuildFile; fileRef = C76AA64D28732B9F002A1090 /* AttributedStringDemo.swift */; };
		C7722DF7293C36B0004683B6 /* PeerToPeerDemo.swift in Sources */ = {isa = PBXBuildFile; fileRef = C7722DF6293C36B0004683B6 /* PeerToPeerDemo.swift */; };
		C7804F9828190A92006AC449 /* Validate2FAPrototype.swift in Sources */ = {isa = PBXBuildFile; fileRef = C7804F9728190A92006AC449 /* Validate2FAPrototype.swift */; };
		C78E3A5F29364B8D00BCFCDC /* ShifuSplitViewDemo.swift in Sources */ = {isa = PBXBuildFile; fileRef = C78E3A5E29364B8D00BCFCDC /* ShifuSplitViewDemo.swift */; };
		C79265DF286179CB002D8644 /* NotificationManagerDemo.swift in Sources */ = {isa = PBXBuildFile; fileRef = C79265DE286179CB002D8644 /* NotificationManagerDemo.swift */; };
		C7965CD828426DB3002C825A /* PowerTableDemo.swift in Sources */ = {isa = PBXBuildFile; fileRef = C7965CD728426DB3002C825A /* PowerTableDemo.swift */; };
		C7A2770B28BF32F200983681 /* chair.scn in Resources */ = {isa = PBXBuildFile; fileRef = C7A2770A28BF32F200983681 /* chair.scn */; };
		C7A2770D28C7281E00983681 /* Sandbox.swift in Sources */ = {isa = PBXBuildFile; fileRef = C7A2770C28C7281E00983681 /* Sandbox.swift */; };
		C7A2770F28C8C1FF00983681 /* ChangeAppIconDemo.swift in Sources */ = {isa = PBXBuildFile; fileRef = C7A2770E28C8C1FF00983681 /* ChangeAppIconDemo.swift */; };
		C7EB82012928DAD90045C482 /* ShortCutTests.swift in Sources */ = {isa = PBXBuildFile; fileRef = C7EB82002928DAD90045C482 /* ShortCutTests.swift */; };
/* End PBXBuildFile section */

/* Begin PBXContainerItemProxy section */
		3CB1071A280721B8007E4F5B /* PBXContainerItemProxy */ = {
			isa = PBXContainerItemProxy;
			containerPortal = 607FACC81AFB9204008FA782 /* Project object */;
			proxyType = 1;
			remoteGlobalIDString = 607FACCF1AFB9204008FA782;
			remoteInfo = ShifuExample;
		};
/* End PBXContainerItemProxy section */

/* Begin PBXCopyFilesBuildPhase section */
		C76C439128D60E3800A61822 /* Embed Foundation Extensions */ = {
			isa = PBXCopyFilesBuildPhase;
			buildActionMask = 2147483647;
			dstPath = "";
			dstSubfolderSpec = 13;
			files = (
			);
			name = "Embed Foundation Extensions";
			runOnlyForDeploymentPostprocessing = 0;
		};
/* End PBXCopyFilesBuildPhase section */

/* Begin PBXFileReference section */
		15D7B88B0A792B4E2BFA3F4A /* README.md */ = {isa = PBXFileReference; includeInIndex = 1; lastKnownFileType = net.daringfireball.markdown; name = README.md; path = ../README.md; sourceTree = "<group>"; };
		1644DEFD6C63BD54572233F6 /* Pods-ShifuExample.release.xcconfig */ = {isa = PBXFileReference; includeInIndex = 1; lastKnownFileType = text.xcconfig; name = "Pods-ShifuExample.release.xcconfig"; path = "Pods/Target Support Files/Pods-ShifuExample/Pods-ShifuExample.release.xcconfig"; sourceTree = "<group>"; };
		1E35649DEF88C49F8A5D1CC6 /* Pods-Shifu_Example.debug.xcconfig */ = {isa = PBXFileReference; includeInIndex = 1; lastKnownFileType = text.xcconfig; name = "Pods-Shifu_Example.debug.xcconfig"; path = "Pods/Target Support Files/Pods-Shifu_Example/Pods-Shifu_Example.debug.xcconfig"; sourceTree = "<group>"; };
		2B6DB5CF4B3C2D719C036C8F /* Pods-ShifuExample.debug.xcconfig */ = {isa = PBXFileReference; includeInIndex = 1; lastKnownFileType = text.xcconfig; name = "Pods-ShifuExample.debug.xcconfig"; path = "Pods/Target Support Files/Pods-ShifuExample/Pods-ShifuExample.debug.xcconfig"; sourceTree = "<group>"; };
		3C1A645827D64ADD0093A98B /* ModelDemo.swift */ = {isa = PBXFileReference; lastKnownFileType = sourcecode.swift; path = ModelDemo.swift; sourceTree = "<group>"; };
		3C1A646027DE30EE0093A98B /* SceneAndPerson.swift */ = {isa = PBXFileReference; lastKnownFileType = sourcecode.swift; path = SceneAndPerson.swift; sourceTree = "<group>"; };
		3C2F1CE027F155BC0027F24F /* AnimationDemo.swift */ = {isa = PBXFileReference; lastKnownFileType = sourcecode.swift; path = AnimationDemo.swift; sourceTree = "<group>"; };
		3C2F1CE227F1E3DA0027F24F /* NavigationStyleDemo.swift */ = {isa = PBXFileReference; lastKnownFileType = sourcecode.swift; path = NavigationStyleDemo.swift; sourceTree = "<group>"; };
		3C3C46CA27A8625400BCB074 /* Config.swift */ = {isa = PBXFileReference; lastKnownFileType = sourcecode.swift; path = Config.swift; sourceTree = "<group>"; };
		3C3C46CE27B2C40C00BCB074 /* HomeViewModel.swift */ = {isa = PBXFileReference; lastKnownFileType = sourcecode.swift; path = HomeViewModel.swift; sourceTree = "<group>"; };
		3C3C46D427B6A44E00BCB074 /* WebViewDemo.swift */ = {isa = PBXFileReference; lastKnownFileType = sourcecode.swift; path = WebViewDemo.swift; sourceTree = "<group>"; };
		3C3C46D827B9156700BCB074 /* launch.png */ = {isa = PBXFileReference; lastKnownFileType = image.png; name = launch.png; path = ../../Shifu/web/launch.png; sourceTree = "<group>"; };
		3C3C46DD27B92E6F00BCB074 /* ColorThemeManagerDemo.swift */ = {isa = PBXFileReference; lastKnownFileType = sourcecode.swift; path = ColorThemeManagerDemo.swift; sourceTree = "<group>"; };
		3C3C46E127B9406300BCB074 /* source */ = {isa = PBXFileReference; lastKnownFileType = folder; path = source; sourceTree = "<group>"; };
		3C3C46E927BB9F2C00BCB074 /* ShifuWebViewDemo.swift */ = {isa = PBXFileReference; lastKnownFileType = sourcecode.swift; path = ShifuWebViewDemo.swift; sourceTree = "<group>"; };
		3C9C98BB27C48D9700D4B8B9 /* SoundWaveImageDemo.swift */ = {isa = PBXFileReference; lastKnownFileType = sourcecode.swift; path = SoundWaveImageDemo.swift; sourceTree = "<group>"; };
		3CA9D78527C90CD700A32044 /* ToMarkdownDemo.swift */ = {isa = PBXFileReference; lastKnownFileType = sourcecode.swift; path = ToMarkdownDemo.swift; sourceTree = "<group>"; };
		3CB10716280721B8007E4F5B /* ShifuExampleTests.xctest */ = {isa = PBXFileReference; explicitFileType = wrapper.cfbundle; includeInIndex = 0; path = ShifuExampleTests.xctest; sourceTree = BUILT_PRODUCTS_DIR; };
		3CB1071F280721D2007E4F5B /* ShifuExampleTests.swift */ = {isa = PBXFileReference; fileEncoding = 4; lastKnownFileType = sourcecode.swift; path = ShifuExampleTests.swift; sourceTree = "<group>"; };
		3CB10722280723B1007E4F5B /* GeneratedMocks.swift */ = {isa = PBXFileReference; fileEncoding = 4; lastKnownFileType = sourcecode.swift; path = GeneratedMocks.swift; sourceTree = "<group>"; };
		524CEE15BF7996391B65A561 /* Shifu.podspec */ = {isa = PBXFileReference; includeInIndex = 1; lastKnownFileType = text; name = Shifu.podspec; path = ../Shifu.podspec; sourceTree = "<group>"; xcLanguageSpecificationIdentifier = xcode.lang.ruby; };
		607FACD01AFB9204008FA782 /* ShifuExample.app */ = {isa = PBXFileReference; explicitFileType = wrapper.application; includeInIndex = 0; path = ShifuExample.app; sourceTree = BUILT_PRODUCTS_DIR; };
		607FACD41AFB9204008FA782 /* Info.plist */ = {isa = PBXFileReference; lastKnownFileType = text.plist.xml; path = Info.plist; sourceTree = "<group>"; };
		607FACD51AFB9204008FA782 /* AppDelegate.swift */ = {isa = PBXFileReference; lastKnownFileType = sourcecode.swift; path = AppDelegate.swift; sourceTree = "<group>"; };
		607FACDC1AFB9204008FA782 /* Images.xcassets */ = {isa = PBXFileReference; lastKnownFileType = folder.assetcatalog; path = Images.xcassets; sourceTree = "<group>"; };
		607FACDF1AFB9204008FA782 /* Base */ = {isa = PBXFileReference; lastKnownFileType = file.xib; name = Base; path = Base.lproj/LaunchScreen.xib; sourceTree = "<group>"; };
		63033E45EF381AF8E8D1E4FB /* Pods-ShifuIntentsDemo.release.xcconfig */ = {isa = PBXFileReference; includeInIndex = 1; lastKnownFileType = text.xcconfig; name = "Pods-ShifuIntentsDemo.release.xcconfig"; path = "Pods/Target Support Files/Pods-ShifuIntentsDemo/Pods-ShifuIntentsDemo.release.xcconfig"; sourceTree = "<group>"; };
		75080B2D4DF860209E4A6DA9 /* LICENSE */ = {isa = PBXFileReference; includeInIndex = 1; lastKnownFileType = text; name = LICENSE; path = ../LICENSE; sourceTree = "<group>"; };
		7C6CAA8E7FC3862D7C704DDA /* Pods_ShifuExampleTests.framework */ = {isa = PBXFileReference; explicitFileType = wrapper.framework; includeInIndex = 0; path = Pods_ShifuExampleTests.framework; sourceTree = BUILT_PRODUCTS_DIR; };
		99244B5C261C9FDA0027A1D7 /* HomeView.swift */ = {isa = PBXFileReference; lastKnownFileType = sourcecode.swift; path = HomeView.swift; sourceTree = "<group>"; };
		99BA8071244BF2B0006E839F /* en */ = {isa = PBXFileReference; lastKnownFileType = text.plist.strings; name = en; path = en.lproj/InfoPlist.strings; sourceTree = "<group>"; };
		99BA8073244BF348006E839F /* zh-Hans */ = {isa = PBXFileReference; lastKnownFileType = text.plist.strings; name = "zh-Hans"; path = "zh-Hans.lproj/InfoPlist.strings"; sourceTree = "<group>"; };
		AC28D7DBEE050356A7759EA7 /* Pods-Shifu_Example.release.xcconfig */ = {isa = PBXFileReference; includeInIndex = 1; lastKnownFileType = text.xcconfig; name = "Pods-Shifu_Example.release.xcconfig"; path = "Pods/Target Support Files/Pods-Shifu_Example/Pods-Shifu_Example.release.xcconfig"; sourceTree = "<group>"; };
		B3B324223DF4BCD83B564ABE /* Pods-ShifuExampleTests.release.xcconfig */ = {isa = PBXFileReference; includeInIndex = 1; lastKnownFileType = text.xcconfig; name = "Pods-ShifuExampleTests.release.xcconfig"; path = "Pods/Target Support Files/Pods-ShifuExampleTests/Pods-ShifuExampleTests.release.xcconfig"; sourceTree = "<group>"; };
		BD310A66CE387B574503530D /* Pods_ShifuIntentsDemo.framework */ = {isa = PBXFileReference; explicitFileType = wrapper.framework; includeInIndex = 0; path = Pods_ShifuIntentsDemo.framework; sourceTree = BUILT_PRODUCTS_DIR; };
		C7069476289E6F810045BFBF /* lottie_example.json */ = {isa = PBXFileReference; fileEncoding = 4; lastKnownFileType = text.json; path = lottie_example.json; sourceTree = "<group>"; };
		C7177D10284A11F500372629 /* IconsDemo.swift */ = {isa = PBXFileReference; lastKnownFileType = sourcecode.swift; path = IconsDemo.swift; sourceTree = "<group>"; };
		C7268DA429E1449800A4A570 /* YouglishWebViewDemo.swift */ = {isa = PBXFileReference; fileEncoding = 4; lastKnownFileType = sourcecode.swift; path = YouglishWebViewDemo.swift; sourceTree = "<group>"; };
		C72CB724282961BD000FBF12 /* ShimmerDemo.swift */ = {isa = PBXFileReference; lastKnownFileType = sourcecode.swift; path = ShimmerDemo.swift; sourceTree = "<group>"; };
		C753079E297FC32300C26967 /* PopoverDemo.swift */ = {isa = PBXFileReference; fileEncoding = 4; lastKnownFileType = sourcecode.swift; path = PopoverDemo.swift; sourceTree = "<group>"; };
		C75700BB290585ED00C69233 /* PreviewDemo.swift */ = {isa = PBXFileReference; lastKnownFileType = sourcecode.swift; path = PreviewDemo.swift; sourceTree = "<group>"; };
		C75700BF2906CB4400C69233 /* DrawingViewDemo.swift */ = {isa = PBXFileReference; lastKnownFileType = sourcecode.swift; path = DrawingViewDemo.swift; sourceTree = "<group>"; };
		C768B8812883161500F0A18B /* NavigationAnimationDemo.swift */ = {isa = PBXFileReference; fileEncoding = 4; lastKnownFileType = sourcecode.swift; path = NavigationAnimationDemo.swift; sourceTree = "<group>"; };
		C76AA64028673FCF002A1090 /* OnEnterFrameDemo.swift */ = {isa = PBXFileReference; lastKnownFileType = sourcecode.swift; path = OnEnterFrameDemo.swift; sourceTree = "<group>"; };
		C76AA646286ED14A002A1090 /* ShifuLottie.podspec */ = {isa = PBXFileReference; lastKnownFileType = text; name = ShifuLottie.podspec; path = ../ShifuLottie.podspec; sourceTree = "<group>"; xcLanguageSpecificationIdentifier = xcode.lang.ruby; };
		C76AA647286F43D0002A1090 /* StickyIconDemo.swift */ = {isa = PBXFileReference; lastKnownFileType = sourcecode.swift; path = StickyIconDemo.swift; sourceTree = "<group>"; };
		C76AA64D28732B9F002A1090 /* AttributedStringDemo.swift */ = {isa = PBXFileReference; lastKnownFileType = sourcecode.swift; path = AttributedStringDemo.swift; sourceTree = "<group>"; };
		C76C436B28D60E0E00A61822 /* ShifuExample.entitlements */ = {isa = PBXFileReference; lastKnownFileType = text.plist.entitlements; path = ShifuExample.entitlements; sourceTree = "<group>"; };
		C76C437128D60E3700A61822 /* Intents.framework */ = {isa = PBXFileReference; lastKnownFileType = wrapper.framework; name = Intents.framework; path = System/Library/Frameworks/Intents.framework; sourceTree = SDKROOT; };
		C76C437C28D60E3800A61822 /* IntentsUI.framework */ = {isa = PBXFileReference; lastKnownFileType = wrapper.framework; name = IntentsUI.framework; path = System/Library/Frameworks/IntentsUI.framework; sourceTree = SDKROOT; };
		C7722DF6293C36B0004683B6 /* PeerToPeerDemo.swift */ = {isa = PBXFileReference; fileEncoding = 4; lastKnownFileType = sourcecode.swift; path = PeerToPeerDemo.swift; sourceTree = "<group>"; };
		C7804F9728190A92006AC449 /* Validate2FAPrototype.swift */ = {isa = PBXFileReference; lastKnownFileType = sourcecode.swift; path = Validate2FAPrototype.swift; sourceTree = "<group>"; };
		C78E3A5E29364B8D00BCFCDC /* ShifuSplitViewDemo.swift */ = {isa = PBXFileReference; fileEncoding = 4; lastKnownFileType = sourcecode.swift; path = ShifuSplitViewDemo.swift; sourceTree = "<group>"; };
		C79265DE286179CB002D8644 /* NotificationManagerDemo.swift */ = {isa = PBXFileReference; lastKnownFileType = sourcecode.swift; path = NotificationManagerDemo.swift; sourceTree = "<group>"; };
		C7965CD728426DB3002C825A /* PowerTableDemo.swift */ = {isa = PBXFileReference; lastKnownFileType = sourcecode.swift; path = PowerTableDemo.swift; sourceTree = "<group>"; };
		C7A2770A28BF32F200983681 /* chair.scn */ = {isa = PBXFileReference; lastKnownFileType = file.bplist; path = chair.scn; sourceTree = "<group>"; };
		C7A2770C28C7281E00983681 /* Sandbox.swift */ = {isa = PBXFileReference; lastKnownFileType = sourcecode.swift; path = Sandbox.swift; sourceTree = "<group>"; };
		C7A2770E28C8C1FF00983681 /* ChangeAppIconDemo.swift */ = {isa = PBXFileReference; lastKnownFileType = sourcecode.swift; path = ChangeAppIconDemo.swift; sourceTree = "<group>"; };
		C7EB82002928DAD90045C482 /* ShortCutTests.swift */ = {isa = PBXFileReference; lastKnownFileType = sourcecode.swift; path = ShortCutTests.swift; sourceTree = "<group>"; };
		C89C6B3E4560ADB5E346F7F9 /* Pods-ShifuExampleTests.debug.xcconfig */ = {isa = PBXFileReference; includeInIndex = 1; lastKnownFileType = text.xcconfig; name = "Pods-ShifuExampleTests.debug.xcconfig"; path = "Pods/Target Support Files/Pods-ShifuExampleTests/Pods-ShifuExampleTests.debug.xcconfig"; sourceTree = "<group>"; };
		D3F66D9DD1D994C430599B30 /* Pods_Shifu_Tests.framework */ = {isa = PBXFileReference; explicitFileType = wrapper.framework; includeInIndex = 0; path = Pods_Shifu_Tests.framework; sourceTree = BUILT_PRODUCTS_DIR; };
		E57FEF170B9DAB718D0C1DD1 /* Pods-ShifuIntentsDemo.debug.xcconfig */ = {isa = PBXFileReference; includeInIndex = 1; lastKnownFileType = text.xcconfig; name = "Pods-ShifuIntentsDemo.debug.xcconfig"; path = "Pods/Target Support Files/Pods-ShifuIntentsDemo/Pods-ShifuIntentsDemo.debug.xcconfig"; sourceTree = "<group>"; };
		FABA4CEFA6CB57BAD5570379 /* Pods_ShifuExample.framework */ = {isa = PBXFileReference; explicitFileType = wrapper.framework; includeInIndex = 0; path = Pods_ShifuExample.framework; sourceTree = BUILT_PRODUCTS_DIR; };
/* End PBXFileReference section */

/* Begin PBXFrameworksBuildPhase section */
		3CB10713280721B8007E4F5B /* Frameworks */ = {
			isa = PBXFrameworksBuildPhase;
			buildActionMask = 2147483647;
			files = (
				B757972E6B16479D3511D066 /* Pods_ShifuExampleTests.framework in Frameworks */,
			);
			runOnlyForDeploymentPostprocessing = 0;
		};
		607FACCD1AFB9204008FA782 /* Frameworks */ = {
			isa = PBXFrameworksBuildPhase;
			buildActionMask = 2147483647;
			files = (
				10E3E517252BEEBF58501297 /* Pods_ShifuExample.framework in Frameworks */,
			);
			runOnlyForDeploymentPostprocessing = 0;
		};
/* End PBXFrameworksBuildPhase section */

/* Begin PBXGroup section */
		068B4BB1F6DFAD3AFE9CE685 /* Pods */ = {
			isa = PBXGroup;
			children = (
				1E35649DEF88C49F8A5D1CC6 /* Pods-Shifu_Example.debug.xcconfig */,
				AC28D7DBEE050356A7759EA7 /* Pods-Shifu_Example.release.xcconfig */,
				2B6DB5CF4B3C2D719C036C8F /* Pods-ShifuExample.debug.xcconfig */,
				1644DEFD6C63BD54572233F6 /* Pods-ShifuExample.release.xcconfig */,
				C89C6B3E4560ADB5E346F7F9 /* Pods-ShifuExampleTests.debug.xcconfig */,
				B3B324223DF4BCD83B564ABE /* Pods-ShifuExampleTests.release.xcconfig */,
				E57FEF170B9DAB718D0C1DD1 /* Pods-ShifuIntentsDemo.debug.xcconfig */,
				63033E45EF381AF8E8D1E4FB /* Pods-ShifuIntentsDemo.release.xcconfig */,
			);
			name = Pods;
			sourceTree = "<group>";
		};
		3C3C46DC27B92E5400BCB074 /* features */ = {
			isa = PBXGroup;
			children = (
				3C3C46E127B9406300BCB074 /* source */,
				C7965CD928426E3C002C825A /* demos */,
			);
			name = features;
			sourceTree = "<group>";
		};
		3CB10717280721B8007E4F5B /* ShifuExampleTests */ = {
			isa = PBXGroup;
			children = (
				3CB10722280723B1007E4F5B /* GeneratedMocks.swift */,
				3CB1071F280721D2007E4F5B /* ShifuExampleTests.swift */,
				C7EB82002928DAD90045C482 /* ShortCutTests.swift */,
			);
			path = ShifuExampleTests;
			sourceTree = "<group>";
		};
		539B620D0F2F326D30CAF029 /* Frameworks */ = {
			isa = PBXGroup;
			children = (
				D3F66D9DD1D994C430599B30 /* Pods_Shifu_Tests.framework */,
				FABA4CEFA6CB57BAD5570379 /* Pods_ShifuExample.framework */,
				7C6CAA8E7FC3862D7C704DDA /* Pods_ShifuExampleTests.framework */,
				C76C437128D60E3700A61822 /* Intents.framework */,
				C76C437C28D60E3800A61822 /* IntentsUI.framework */,
				BD310A66CE387B574503530D /* Pods_ShifuIntentsDemo.framework */,
			);
			name = Frameworks;
			sourceTree = "<group>";
		};
		607FACC71AFB9204008FA782 = {
			isa = PBXGroup;
			children = (
				C76C436B28D60E0E00A61822 /* ShifuExample.entitlements */,
				607FACF51AFB993E008FA782 /* Podspec Metadata */,
				607FACD21AFB9204008FA782 /* Example for Shifu */,
				3CB10717280721B8007E4F5B /* ShifuExampleTests */,
				607FACD11AFB9204008FA782 /* Products */,
				068B4BB1F6DFAD3AFE9CE685 /* Pods */,
				539B620D0F2F326D30CAF029 /* Frameworks */,
			);
			sourceTree = "<group>";
		};
		607FACD11AFB9204008FA782 /* Products */ = {
			isa = PBXGroup;
			children = (
				607FACD01AFB9204008FA782 /* ShifuExample.app */,
				3CB10716280721B8007E4F5B /* ShifuExampleTests.xctest */,
			);
			name = Products;
			sourceTree = "<group>";
		};
		607FACD21AFB9204008FA782 /* Example for Shifu */ = {
			isa = PBXGroup;
			children = (
				607FACD31AFB9204008FA782 /* Supporting Files */,
				99244B5C261C9FDA0027A1D7 /* HomeView.swift */,
				3C3C46CE27B2C40C00BCB074 /* HomeViewModel.swift */,
				C7A2770C28C7281E00983681 /* Sandbox.swift */,
				3C3C46DC27B92E5400BCB074 /* features */,
			);
			name = "Example for Shifu";
			path = Shifu;
			sourceTree = "<group>";
		};
		607FACD31AFB9204008FA782 /* Supporting Files */ = {
			isa = PBXGroup;
			children = (
				3C3C46CA27A8625400BCB074 /* Config.swift */,
				C7A2770A28BF32F200983681 /* chair.scn */,
				C7069476289E6F810045BFBF /* lottie_example.json */,
				607FACDC1AFB9204008FA782 /* Images.xcassets */,
				3C3C46D827B9156700BCB074 /* launch.png */,
				607FACD51AFB9204008FA782 /* AppDelegate.swift */,
				607FACDE1AFB9204008FA782 /* LaunchScreen.xib */,
				607FACD41AFB9204008FA782 /* Info.plist */,
				99BA8072244BF2B0006E839F /* InfoPlist.strings */,
			);
			name = "Supporting Files";
			sourceTree = "<group>";
		};
		607FACF51AFB993E008FA782 /* Podspec Metadata */ = {
			isa = PBXGroup;
			children = (
				C76AA646286ED14A002A1090 /* ShifuLottie.podspec */,
				524CEE15BF7996391B65A561 /* Shifu.podspec */,
				15D7B88B0A792B4E2BFA3F4A /* README.md */,
				75080B2D4DF860209E4A6DA9 /* LICENSE */,
			);
			name = "Podspec Metadata";
			sourceTree = "<group>";
		};
		C7965CD928426E3C002C825A /* demos */ = {
			isa = PBXGroup;
			children = (
				C7268DA429E1449800A4A570 /* YouglishWebViewDemo.swift */,
				C753079E297FC32300C26967 /* PopoverDemo.swift */,
				C7722DF6293C36B0004683B6 /* PeerToPeerDemo.swift */,
				C78E3A5E29364B8D00BCFCDC /* ShifuSplitViewDemo.swift */,
				C75700BF2906CB4400C69233 /* DrawingViewDemo.swift */,
				C75700BB290585ED00C69233 /* PreviewDemo.swift */,
				C7A2770E28C8C1FF00983681 /* ChangeAppIconDemo.swift */,
				3C1A646027DE30EE0093A98B /* SceneAndPerson.swift */,
				C768B8812883161500F0A18B /* NavigationAnimationDemo.swift */,
				C76AA64D28732B9F002A1090 /* AttributedStringDemo.swift */,
				C76AA647286F43D0002A1090 /* StickyIconDemo.swift */,
				C76AA64028673FCF002A1090 /* OnEnterFrameDemo.swift */,
				C79265DE286179CB002D8644 /* NotificationManagerDemo.swift */,
				C7177D10284A11F500372629 /* IconsDemo.swift */,
				C7965CD728426DB3002C825A /* PowerTableDemo.swift */,
				C72CB724282961BD000FBF12 /* ShimmerDemo.swift */,
				C7804F9728190A92006AC449 /* Validate2FAPrototype.swift */,
				3C2F1CE227F1E3DA0027F24F /* NavigationStyleDemo.swift */,
				3C2F1CE027F155BC0027F24F /* AnimationDemo.swift */,
				3C1A645827D64ADD0093A98B /* ModelDemo.swift */,
				3CA9D78527C90CD700A32044 /* ToMarkdownDemo.swift */,
				3C9C98BB27C48D9700D4B8B9 /* SoundWaveImageDemo.swift */,
				3C3C46E927BB9F2C00BCB074 /* ShifuWebViewDemo.swift */,
				3C3C46DD27B92E6F00BCB074 /* ColorThemeManagerDemo.swift */,
				3C3C46D427B6A44E00BCB074 /* WebViewDemo.swift */,
			);
			name = demos;
			sourceTree = "<group>";
		};
/* End PBXGroup section */

/* Begin PBXNativeTarget section */
		3CB10715280721B8007E4F5B /* ShifuExampleTests */ = {
			isa = PBXNativeTarget;
			buildConfigurationList = 3CB1071C280721B8007E4F5B /* Build configuration list for PBXNativeTarget "ShifuExampleTests" */;
			buildPhases = (
				51F457C6C2E4FFE409325C6A /* [CP] Check Pods Manifest.lock */,
				3CB10721280721EF007E4F5B /* cuckoo */,
				3CB10712280721B8007E4F5B /* Sources */,
				3CB10713280721B8007E4F5B /* Frameworks */,
				3CB10714280721B8007E4F5B /* Resources */,
				3F4586E1716B83AF1A1BC89C /* [CP] Embed Pods Frameworks */,
			);
			buildRules = (
			);
			dependencies = (
				3CB1071B280721B8007E4F5B /* PBXTargetDependency */,
			);
			name = ShifuExampleTests;
			productName = ShifuExampleTests;
			productReference = 3CB10716280721B8007E4F5B /* ShifuExampleTests.xctest */;
			productType = "com.apple.product-type.bundle.unit-test";
		};
		607FACCF1AFB9204008FA782 /* ShifuExample */ = {
			isa = PBXNativeTarget;
			buildConfigurationList = 607FACEF1AFB9204008FA782 /* Build configuration list for PBXNativeTarget "ShifuExample" */;
			buildPhases = (
				60C66E10653CDB318887C103 /* [CP] Check Pods Manifest.lock */,
				607FACCC1AFB9204008FA782 /* Sources */,
				607FACCD1AFB9204008FA782 /* Frameworks */,
				607FACCE1AFB9204008FA782 /* Resources */,
				12280A263220AD53B9C00977 /* [CP] Embed Pods Frameworks */,
				C76C439928D7969500A61822 /* ShellScript */,
				C76C439128D60E3800A61822 /* Embed Foundation Extensions */,
			);
			buildRules = (
			);
			dependencies = (
			);
			name = ShifuExample;
			productName = Shifu;
			productReference = 607FACD01AFB9204008FA782 /* ShifuExample.app */;
			productType = "com.apple.product-type.application";
		};
/* End PBXNativeTarget section */

/* Begin PBXProject section */
		607FACC81AFB9204008FA782 /* Project object */ = {
			isa = PBXProject;
			attributes = {
				BuildIndependentTargetsInParallel = YES;
				LastSwiftUpdateCheck = 1400;
				LastUpgradeCheck = 1430;
				ORGANIZATIONNAME = CocoaPods;
				TargetAttributes = {
					3CB10715280721B8007E4F5B = {
						CreatedOnToolsVersion = 13.3.1;
						DevelopmentTeam = 5296P9QS3C;
						ProvisioningStyle = Automatic;
						TestTargetID = 607FACCF1AFB9204008FA782;
					};
					607FACCF1AFB9204008FA782 = {
						CreatedOnToolsVersion = 6.3.1;
						DevelopmentTeam = 5296P9QS3C;
						LastSwiftMigration = 1420;
					};
				};
			};
			buildConfigurationList = 607FACCB1AFB9204008FA782 /* Build configuration list for PBXProject "Shifu" */;
			compatibilityVersion = "Xcode 3.2";
			developmentRegion = en;
			hasScannedForEncodings = 0;
			knownRegions = (
				en,
				Base,
				"zh-Hans",
			);
			mainGroup = 607FACC71AFB9204008FA782;
			productRefGroup = 607FACD11AFB9204008FA782 /* Products */;
			projectDirPath = "";
			projectRoot = "";
			targets = (
				607FACCF1AFB9204008FA782 /* ShifuExample */,
				3CB10715280721B8007E4F5B /* ShifuExampleTests */,
			);
		};
/* End PBXProject section */

/* Begin PBXResourcesBuildPhase section */
		3CB10714280721B8007E4F5B /* Resources */ = {
			isa = PBXResourcesBuildPhase;
			buildActionMask = 2147483647;
			files = (
			);
			runOnlyForDeploymentPostprocessing = 0;
		};
		607FACCE1AFB9204008FA782 /* Resources */ = {
			isa = PBXResourcesBuildPhase;
			buildActionMask = 2147483647;
			files = (
				C7A2770B28BF32F200983681 /* chair.scn in Resources */,
				3C3C46E227B9406300BCB074 /* source in Resources */,
				3C3C46D927B9156800BCB074 /* launch.png in Resources */,
				99BA8070244BF2B0006E839F /* InfoPlist.strings in Resources */,
				C7069477289E6F810045BFBF /* lottie_example.json in Resources */,
				607FACE01AFB9204008FA782 /* LaunchScreen.xib in Resources */,
				607FACDD1AFB9204008FA782 /* Images.xcassets in Resources */,
			);
			runOnlyForDeploymentPostprocessing = 0;
		};
/* End PBXResourcesBuildPhase section */

/* Begin PBXShellScriptBuildPhase section */
		12280A263220AD53B9C00977 /* [CP] Embed Pods Frameworks */ = {
			isa = PBXShellScriptBuildPhase;
			buildActionMask = 2147483647;
			files = (
			);
			inputPaths = (
				"${PODS_ROOT}/Target Support Files/Pods-ShifuExample/Pods-ShifuExample-frameworks.sh",
				"${BUILT_PRODUCTS_DIR}/GCDWebServer/GCDWebServer.framework",
				"${BUILT_PRODUCTS_DIR}/ReachabilitySwift/Reachability.framework",
				"${BUILT_PRODUCTS_DIR}/Shifu/Shifu.framework",
				"${BUILT_PRODUCTS_DIR}/ShifuLottie/ShifuLottie.framework",
				"${BUILT_PRODUCTS_DIR}/ShifuWebServer/ShifuWebServer.framework",
				"${BUILT_PRODUCTS_DIR}/SwiftSoup/SwiftSoup.framework",
				"${BUILT_PRODUCTS_DIR}/lottie-ios/Lottie.framework",
			);
			name = "[CP] Embed Pods Frameworks";
			outputPaths = (
				"${TARGET_BUILD_DIR}/${FRAMEWORKS_FOLDER_PATH}/GCDWebServer.framework",
				"${TARGET_BUILD_DIR}/${FRAMEWORKS_FOLDER_PATH}/Reachability.framework",
				"${TARGET_BUILD_DIR}/${FRAMEWORKS_FOLDER_PATH}/Shifu.framework",
				"${TARGET_BUILD_DIR}/${FRAMEWORKS_FOLDER_PATH}/ShifuLottie.framework",
				"${TARGET_BUILD_DIR}/${FRAMEWORKS_FOLDER_PATH}/ShifuWebServer.framework",
				"${TARGET_BUILD_DIR}/${FRAMEWORKS_FOLDER_PATH}/SwiftSoup.framework",
				"${TARGET_BUILD_DIR}/${FRAMEWORKS_FOLDER_PATH}/Lottie.framework",
			);
			runOnlyForDeploymentPostprocessing = 0;
			shellPath = /bin/sh;
			shellScript = "\"${PODS_ROOT}/Target Support Files/Pods-ShifuExample/Pods-ShifuExample-frameworks.sh\"\n";
			showEnvVarsInLog = 0;
		};
		3CB10721280721EF007E4F5B /* cuckoo */ = {
			isa = PBXShellScriptBuildPhase;
			alwaysOutOfDate = 1;
			buildActionMask = 2147483647;
			files = (
			);
			inputFileListPaths = (
			);
			inputPaths = (
				"$(SRCROOT)/Shifu/Config.swift",
			);
			name = cuckoo;
			outputFileListPaths = (
			);
			outputPaths = (
			);
			runOnlyForDeploymentPostprocessing = 0;
			shellPath = /bin/sh;
			shellScript = "# Type a script or drag a script file from your workspace to insert its path.\nif [ $ACTION == \"indexbuild\" ]; then\n  echo \"Not running Cuckoo generator during indexing.\"\n  exit 0 \nfi\n\n# Skip for preview builds\nif [ \"${ENABLE_PREVIEWS}\" = \"YES\" ]; then\n  echo \"Not running Cuckoo generator during preview builds.\"\n  exit 0\nfi\n\n# Define output file. Change \"${PROJECT_DIR}/${PROJECT_NAME}Tests\" to your test's root source folder, if it's not the default name.\nOUTPUT_FILE=\"${PROJECT_DIR}/${PROJECT_NAME}ExampleTests/GeneratedMocks.swift\"\necho \"Generated Mocks File = ${OUTPUT_FILE}\"\n\n# Define input directory. Change \"${PROJECT_DIR}/${PROJECT_NAME}\" to your project's root source folder, if it's not the default name.\n\nINPUT_DIR=\"${PROJECT_DIR}/${PROJECT_NAME}\"\necho \"Mocks Input Directory = ${INPUT_DIR}\"\n\n# Generate mock files, include as many input files as you'd like to create mocks for.\n\"${PODS_ROOT}/Cuckoo/run\" generate --testable \"${PROJECT_NAME}Example\" \\\n--output \"${OUTPUT_FILE}\" \\\n\"${INPUT_DIR}/Config.swift\"\n";
		};
		3F4586E1716B83AF1A1BC89C /* [CP] Embed Pods Frameworks */ = {
			isa = PBXShellScriptBuildPhase;
			buildActionMask = 2147483647;
			files = (
			);
			inputPaths = (
				"${PODS_ROOT}/Target Support Files/Pods-ShifuExampleTests/Pods-ShifuExampleTests-frameworks.sh",
				"${BUILT_PRODUCTS_DIR}/ReachabilitySwift/Reachability.framework",
				"${BUILT_PRODUCTS_DIR}/Shifu/Shifu.framework",
				"${BUILT_PRODUCTS_DIR}/Cuckoo/Cuckoo.framework",
			);
			name = "[CP] Embed Pods Frameworks";
			outputPaths = (
				"${TARGET_BUILD_DIR}/${FRAMEWORKS_FOLDER_PATH}/Reachability.framework",
				"${TARGET_BUILD_DIR}/${FRAMEWORKS_FOLDER_PATH}/Shifu.framework",
				"${TARGET_BUILD_DIR}/${FRAMEWORKS_FOLDER_PATH}/Cuckoo.framework",
			);
			runOnlyForDeploymentPostprocessing = 0;
			shellPath = /bin/sh;
			shellScript = "\"${PODS_ROOT}/Target Support Files/Pods-ShifuExampleTests/Pods-ShifuExampleTests-frameworks.sh\"\n";
			showEnvVarsInLog = 0;
		};
		51F457C6C2E4FFE409325C6A /* [CP] Check Pods Manifest.lock */ = {
			isa = PBXShellScriptBuildPhase;
			buildActionMask = 2147483647;
			files = (
			);
			inputFileListPaths = (
			);
			inputPaths = (
				"${PODS_PODFILE_DIR_PATH}/Podfile.lock",
				"${PODS_ROOT}/Manifest.lock",
			);
			name = "[CP] Check Pods Manifest.lock";
			outputFileListPaths = (
			);
			outputPaths = (
				"$(DERIVED_FILE_DIR)/Pods-ShifuExampleTests-checkManifestLockResult.txt",
			);
			runOnlyForDeploymentPostprocessing = 0;
			shellPath = /bin/sh;
			shellScript = "diff \"${PODS_PODFILE_DIR_PATH}/Podfile.lock\" \"${PODS_ROOT}/Manifest.lock\" > /dev/null\nif [ $? != 0 ] ; then\n    # print error to STDERR\n    echo \"error: The sandbox is not in sync with the Podfile.lock. Run 'pod install' or update your CocoaPods installation.\" >&2\n    exit 1\nfi\n# This output is used by Xcode 'outputs' to avoid re-running this script phase.\necho \"SUCCESS\" > \"${SCRIPT_OUTPUT_FILE_0}\"\n";
			showEnvVarsInLog = 0;
		};
		60C66E10653CDB318887C103 /* [CP] Check Pods Manifest.lock */ = {
			isa = PBXShellScriptBuildPhase;
			buildActionMask = 2147483647;
			files = (
			);
			inputPaths = (
				"${PODS_PODFILE_DIR_PATH}/Podfile.lock",
				"${PODS_ROOT}/Manifest.lock",
			);
			name = "[CP] Check Pods Manifest.lock";
			outputPaths = (
				"$(DERIVED_FILE_DIR)/Pods-ShifuExample-checkManifestLockResult.txt",
			);
			runOnlyForDeploymentPostprocessing = 0;
			shellPath = /bin/sh;
			shellScript = "diff \"${PODS_PODFILE_DIR_PATH}/Podfile.lock\" \"${PODS_ROOT}/Manifest.lock\" > /dev/null\nif [ $? != 0 ] ; then\n    # print error to STDERR\n    echo \"error: The sandbox is not in sync with the Podfile.lock. Run 'pod install' or update your CocoaPods installation.\" >&2\n    exit 1\nfi\n# This output is used by Xcode 'outputs' to avoid re-running this script phase.\necho \"SUCCESS\" > \"${SCRIPT_OUTPUT_FILE_0}\"\n";
			showEnvVarsInLog = 0;
		};
		C76C439928D7969500A61822 /* ShellScript */ = {
			isa = PBXShellScriptBuildPhase;
			alwaysOutOfDate = 1;
			buildActionMask = 2147483647;
			files = (
			);
			inputFileListPaths = (
			);
			inputPaths = (
			);
			outputFileListPaths = (
			);
			outputPaths = (
			);
			runOnlyForDeploymentPostprocessing = 0;
			shellPath = /bin/sh;
			shellScript = "# Type a script or drag a script file from your workspace to insert its path.\necho \"enable preview : $ENABLE_PREVIEWS\"\nif [ $ENABLE_PREVIEWS == \"NO\" ]\nthen\nbuildNumber=$(/usr/libexec/PlistBuddy -c \"Print CFBundleVersion\" \"${PROJECT_DIR}/${INFOPLIST_FILE}\")\nbuildNumber=$(($buildNumber + 1))\n/usr/libexec/PlistBuddy -c \"Set :CFBundleVersion $buildNumber\" \"${PROJECT_DIR}/${INFOPLIST_FILE}\"\nelse\n  echo \"Skipping Bump of version\"\n  echo $ENABLE_PREVIEWS\nfi\n";
		};
/* End PBXShellScriptBuildPhase section */

/* Begin PBXSourcesBuildPhase section */
		3CB10712280721B8007E4F5B /* Sources */ = {
			isa = PBXSourcesBuildPhase;
			buildActionMask = 2147483647;
			files = (
				3CB10720280721D2007E4F5B /* ShifuExampleTests.swift in Sources */,
				3CB10723280723B1007E4F5B /* GeneratedMocks.swift in Sources */,
				C7EB82012928DAD90045C482 /* ShortCutTests.swift in Sources */,
			);
			runOnlyForDeploymentPostprocessing = 0;
		};
		607FACCC1AFB9204008FA782 /* Sources */ = {
			isa = PBXSourcesBuildPhase;
			buildActionMask = 2147483647;
			files = (
				C7268DA529E1449800A4A570 /* YouglishWebViewDemo.swift in Sources */,
				C78E3A5F29364B8D00BCFCDC /* ShifuSplitViewDemo.swift in Sources */,
				3C3C46DE27B92E6F00BCB074 /* ColorThemeManagerDemo.swift in Sources */,
				C79265DF286179CB002D8644 /* NotificationManagerDemo.swift in Sources */,
				C75700BC290585ED00C69233 /* PreviewDemo.swift in Sources */,
				C76AA64128673FCF002A1090 /* OnEnterFrameDemo.swift in Sources */,
				C75700C02906CB4400C69233 /* DrawingViewDemo.swift in Sources */,
				99244B5D261C9FDA0027A1D7 /* HomeView.swift in Sources */,
				C7722DF7293C36B0004683B6 /* PeerToPeerDemo.swift in Sources */,
				3C2F1CE327F1E3DA0027F24F /* NavigationStyleDemo.swift in Sources */,
				3C3C46EA27BB9F2C00BCB074 /* ShifuWebViewDemo.swift in Sources */,
				C76AA64E28732B9F002A1090 /* AttributedStringDemo.swift in Sources */,
				C7965CD828426DB3002C825A /* PowerTableDemo.swift in Sources */,
				3C2F1CE127F155BC0027F24F /* AnimationDemo.swift in Sources */,
				C76AA648286F43D0002A1090 /* StickyIconDemo.swift in Sources */,
				C753079F297FC32300C26967 /* PopoverDemo.swift in Sources */,
				C7A2770D28C7281E00983681 /* Sandbox.swift in Sources */,
				C72CB725282961BD000FBF12 /* ShimmerDemo.swift in Sources */,
				3C1A646127DE30EE0093A98B /* SceneAndPerson.swift in Sources */,
				3C3C46D527B6A44E00BCB074 /* WebViewDemo.swift in Sources */,
				C7177D11284A11F500372629 /* IconsDemo.swift in Sources */,
				C7A2770F28C8C1FF00983681 /* ChangeAppIconDemo.swift in Sources */,
				C768B8822883161500F0A18B /* NavigationAnimationDemo.swift in Sources */,
				3CA9D78627C90CD700A32044 /* ToMarkdownDemo.swift in Sources */,
				607FACD61AFB9204008FA782 /* AppDelegate.swift in Sources */,
				C7804F9828190A92006AC449 /* Validate2FAPrototype.swift in Sources */,
				3C1A645927D64ADD0093A98B /* ModelDemo.swift in Sources */,
				3C3C46CB27A8625400BCB074 /* Config.swift in Sources */,
				3C3C46CF27B2C40D00BCB074 /* HomeViewModel.swift in Sources */,
				3C9C98BC27C48D9800D4B8B9 /* SoundWaveImageDemo.swift in Sources */,
			);
			runOnlyForDeploymentPostprocessing = 0;
		};
/* End PBXSourcesBuildPhase section */

/* Begin PBXTargetDependency section */
		3CB1071B280721B8007E4F5B /* PBXTargetDependency */ = {
			isa = PBXTargetDependency;
			target = 607FACCF1AFB9204008FA782 /* ShifuExample */;
			targetProxy = 3CB1071A280721B8007E4F5B /* PBXContainerItemProxy */;
		};
/* End PBXTargetDependency section */

/* Begin PBXVariantGroup section */
		607FACDE1AFB9204008FA782 /* LaunchScreen.xib */ = {
			isa = PBXVariantGroup;
			children = (
				607FACDF1AFB9204008FA782 /* Base */,
			);
			name = LaunchScreen.xib;
			sourceTree = "<group>";
		};
		99BA8072244BF2B0006E839F /* InfoPlist.strings */ = {
			isa = PBXVariantGroup;
			children = (
				99BA8071244BF2B0006E839F /* en */,
				99BA8073244BF348006E839F /* zh-Hans */,
			);
			name = InfoPlist.strings;
			sourceTree = "<group>";
		};
/* End PBXVariantGroup section */

/* Begin XCBuildConfiguration section */
		3CB1071D280721B8007E4F5B /* Debug */ = {
			isa = XCBuildConfiguration;
			baseConfigurationReference = C89C6B3E4560ADB5E346F7F9 /* Pods-ShifuExampleTests.debug.xcconfig */;
			buildSettings = {
				BUNDLE_LOADER = "$(TEST_HOST)";
				CLANG_ANALYZER_NONNULL = YES;
				CLANG_ANALYZER_NUMBER_OBJECT_CONVERSION = YES_AGGRESSIVE;
				CLANG_CXX_LANGUAGE_STANDARD = "gnu++17";
				CLANG_ENABLE_OBJC_WEAK = YES;
				CLANG_WARN_DOCUMENTATION_COMMENTS = YES;
				CLANG_WARN_UNGUARDED_AVAILABILITY = YES_AGGRESSIVE;
				CODE_SIGN_STYLE = Automatic;
				CURRENT_PROJECT_VERSION = 4;
				DEBUG_INFORMATION_FORMAT = dwarf;
				DEVELOPMENT_TEAM = 5296P9QS3C;
				GCC_C_LANGUAGE_STANDARD = gnu11;
				GENERATE_INFOPLIST_FILE = YES;
				IPHONEOS_DEPLOYMENT_TARGET = 15.4;
				MARKETING_VERSION = 1.0;
				MTL_ENABLE_DEBUG_INFO = INCLUDE_SOURCE;
				MTL_FAST_MATH = YES;
				PRODUCT_BUNDLE_IDENTIFIER = com.horidream.apps.ShifuExample;
				PRODUCT_NAME = "$(TARGET_NAME)";
				SWIFT_ACTIVE_COMPILATION_CONDITIONS = DEBUG;
				SWIFT_EMIT_LOC_STRINGS = NO;
				SWIFT_VERSION = 5.0;
				TARGETED_DEVICE_FAMILY = "1,2";
				TEST_HOST = "$(BUILT_PRODUCTS_DIR)/ShifuExample.app/ShifuExample";
			};
			name = Debug;
		};
		3CB1071E280721B8007E4F5B /* Release */ = {
			isa = XCBuildConfiguration;
			baseConfigurationReference = B3B324223DF4BCD83B564ABE /* Pods-ShifuExampleTests.release.xcconfig */;
			buildSettings = {
				BUNDLE_LOADER = "$(TEST_HOST)";
				CLANG_ANALYZER_NONNULL = YES;
				CLANG_ANALYZER_NUMBER_OBJECT_CONVERSION = YES_AGGRESSIVE;
				CLANG_CXX_LANGUAGE_STANDARD = "gnu++17";
				CLANG_ENABLE_OBJC_WEAK = YES;
				CLANG_WARN_DOCUMENTATION_COMMENTS = YES;
				CLANG_WARN_UNGUARDED_AVAILABILITY = YES_AGGRESSIVE;
				CODE_SIGN_STYLE = Automatic;
				CURRENT_PROJECT_VERSION = 4;
				DEVELOPMENT_TEAM = 5296P9QS3C;
				GCC_C_LANGUAGE_STANDARD = gnu11;
				GENERATE_INFOPLIST_FILE = YES;
				IPHONEOS_DEPLOYMENT_TARGET = 15.4;
				MARKETING_VERSION = 1.0;
				MTL_FAST_MATH = YES;
				PRODUCT_BUNDLE_IDENTIFIER = com.horidream.apps.ShifuExample;
				PRODUCT_NAME = "$(TARGET_NAME)";
				SWIFT_EMIT_LOC_STRINGS = NO;
				SWIFT_VERSION = 5.0;
				TARGETED_DEVICE_FAMILY = "1,2";
				TEST_HOST = "$(BUILT_PRODUCTS_DIR)/ShifuExample.app/ShifuExample";
			};
			name = Release;
		};
		607FACED1AFB9204008FA782 /* Debug */ = {
			isa = XCBuildConfiguration;
			buildSettings = {
				ALWAYS_SEARCH_USER_PATHS = NO;
				ASSETCATALOG_COMPILER_ALTERNATE_APPICON_NAMES = Chunli;
				ASSETCATALOG_COMPILER_APPICON_NAME = AppIcon;
				ASSETCATALOG_COMPILER_INCLUDE_ALL_APPICON_ASSETS = YES;
				CLANG_ANALYZER_LOCALIZABILITY_NONLOCALIZED = YES;
				CLANG_CXX_LANGUAGE_STANDARD = "gnu++0x";
				CLANG_CXX_LIBRARY = "libc++";
				CLANG_ENABLE_MODULES = YES;
				CLANG_ENABLE_OBJC_ARC = YES;
				CLANG_WARN_BLOCK_CAPTURE_AUTORELEASING = YES;
				CLANG_WARN_BOOL_CONVERSION = YES;
				CLANG_WARN_COMMA = YES;
				CLANG_WARN_CONSTANT_CONVERSION = YES;
				CLANG_WARN_DEPRECATED_OBJC_IMPLEMENTATIONS = YES;
				CLANG_WARN_DIRECT_OBJC_ISA_USAGE = YES_ERROR;
				CLANG_WARN_EMPTY_BODY = YES;
				CLANG_WARN_ENUM_CONVERSION = YES;
				CLANG_WARN_INFINITE_RECURSION = YES;
				CLANG_WARN_INT_CONVERSION = YES;
				CLANG_WARN_NON_LITERAL_NULL_CONVERSION = YES;
				CLANG_WARN_OBJC_IMPLICIT_RETAIN_SELF = YES;
				CLANG_WARN_OBJC_LITERAL_CONVERSION = YES;
				CLANG_WARN_OBJC_ROOT_CLASS = YES_ERROR;
				CLANG_WARN_QUOTED_INCLUDE_IN_FRAMEWORK_HEADER = YES;
				CLANG_WARN_RANGE_LOOP_ANALYSIS = YES;
				CLANG_WARN_STRICT_PROTOTYPES = YES;
				CLANG_WARN_SUSPICIOUS_MOVE = YES;
				CLANG_WARN_UNREACHABLE_CODE = YES;
				CLANG_WARN__DUPLICATE_METHOD_MATCH = YES;
				"CODE_SIGN_IDENTITY[sdk=iphoneos*]" = "iPhone Developer";
				COPY_PHASE_STRIP = NO;
				DEBUG_INFORMATION_FORMAT = "dwarf-with-dsym";
				ENABLE_STRICT_OBJC_MSGSEND = YES;
				ENABLE_TESTABILITY = YES;
				GCC_C_LANGUAGE_STANDARD = gnu99;
				GCC_DYNAMIC_NO_PIC = NO;
				GCC_NO_COMMON_BLOCKS = YES;
				GCC_OPTIMIZATION_LEVEL = 0;
				GCC_PREPROCESSOR_DEFINITIONS = (
					"DEBUG=1",
					"$(inherited)",
				);
				GCC_SYMBOLS_PRIVATE_EXTERN = NO;
				GCC_WARN_64_TO_32_BIT_CONVERSION = YES;
				GCC_WARN_ABOUT_RETURN_TYPE = YES_ERROR;
				GCC_WARN_UNDECLARED_SELECTOR = YES;
				GCC_WARN_UNINITIALIZED_AUTOS = YES_AGGRESSIVE;
				GCC_WARN_UNUSED_FUNCTION = YES;
				GCC_WARN_UNUSED_VARIABLE = YES;
				IPHONEOS_DEPLOYMENT_TARGET = 16.0;
				MTL_ENABLE_DEBUG_INFO = YES;
				ONLY_ACTIVE_ARCH = YES;
				SDKROOT = iphoneos;
				SWIFT_OPTIMIZATION_LEVEL = "-Onone";
			};
			name = Debug;
		};
		607FACEE1AFB9204008FA782 /* Release */ = {
			isa = XCBuildConfiguration;
			buildSettings = {
				ALWAYS_SEARCH_USER_PATHS = NO;
				ASSETCATALOG_COMPILER_ALTERNATE_APPICON_NAMES = Chunli;
				ASSETCATALOG_COMPILER_APPICON_NAME = AppIcon;
				ASSETCATALOG_COMPILER_INCLUDE_ALL_APPICON_ASSETS = YES;
				CLANG_ANALYZER_LOCALIZABILITY_NONLOCALIZED = YES;
				CLANG_CXX_LANGUAGE_STANDARD = "gnu++0x";
				CLANG_CXX_LIBRARY = "libc++";
				CLANG_ENABLE_MODULES = YES;
				CLANG_ENABLE_OBJC_ARC = YES;
				CLANG_WARN_BLOCK_CAPTURE_AUTORELEASING = YES;
				CLANG_WARN_BOOL_CONVERSION = YES;
				CLANG_WARN_COMMA = YES;
				CLANG_WARN_CONSTANT_CONVERSION = YES;
				CLANG_WARN_DEPRECATED_OBJC_IMPLEMENTATIONS = YES;
				CLANG_WARN_DIRECT_OBJC_ISA_USAGE = YES_ERROR;
				CLANG_WARN_EMPTY_BODY = YES;
				CLANG_WARN_ENUM_CONVERSION = YES;
				CLANG_WARN_INFINITE_RECURSION = YES;
				CLANG_WARN_INT_CONVERSION = YES;
				CLANG_WARN_NON_LITERAL_NULL_CONVERSION = YES;
				CLANG_WARN_OBJC_IMPLICIT_RETAIN_SELF = YES;
				CLANG_WARN_OBJC_LITERAL_CONVERSION = YES;
				CLANG_WARN_OBJC_ROOT_CLASS = YES_ERROR;
				CLANG_WARN_QUOTED_INCLUDE_IN_FRAMEWORK_HEADER = YES;
				CLANG_WARN_RANGE_LOOP_ANALYSIS = YES;
				CLANG_WARN_STRICT_PROTOTYPES = YES;
				CLANG_WARN_SUSPICIOUS_MOVE = YES;
				CLANG_WARN_UNREACHABLE_CODE = YES;
				CLANG_WARN__DUPLICATE_METHOD_MATCH = YES;
				"CODE_SIGN_IDENTITY[sdk=iphoneos*]" = "iPhone Developer";
				COPY_PHASE_STRIP = NO;
				DEBUG_INFORMATION_FORMAT = "dwarf-with-dsym";
				ENABLE_NS_ASSERTIONS = NO;
				ENABLE_STRICT_OBJC_MSGSEND = YES;
				GCC_C_LANGUAGE_STANDARD = gnu99;
				GCC_NO_COMMON_BLOCKS = YES;
				GCC_WARN_64_TO_32_BIT_CONVERSION = YES;
				GCC_WARN_ABOUT_RETURN_TYPE = YES_ERROR;
				GCC_WARN_UNDECLARED_SELECTOR = YES;
				GCC_WARN_UNINITIALIZED_AUTOS = YES_AGGRESSIVE;
				GCC_WARN_UNUSED_FUNCTION = YES;
				GCC_WARN_UNUSED_VARIABLE = YES;
				IPHONEOS_DEPLOYMENT_TARGET = 16.0;
				MTL_ENABLE_DEBUG_INFO = NO;
				SDKROOT = iphoneos;
				SWIFT_COMPILATION_MODE = wholemodule;
				SWIFT_OPTIMIZATION_LEVEL = "-O";
				VALIDATE_PRODUCT = YES;
			};
			name = Release;
		};
		607FACF01AFB9204008FA782 /* Debug */ = {
			isa = XCBuildConfiguration;
			baseConfigurationReference = 2B6DB5CF4B3C2D719C036C8F /* Pods-ShifuExample.debug.xcconfig */;
			buildSettings = {
				ALWAYS_EMBED_SWIFT_STANDARD_LIBRARIES = "$(inherited)";
				ASSETCATALOG_COMPILER_ALTERNATE_APPICON_NAMES = "Chunli Chunli2/Chunli76x76@2x~ipad.png";
				ASSETCATALOG_COMPILER_APPICON_NAME = AppIcon;
				BUILD_LIBRARY_FOR_DISTRIBUTION = NO;
				CLANG_ENABLE_MODULES = YES;
				CODE_SIGN_ENTITLEMENTS = ShifuExample.entitlements;
				CURRENT_PROJECT_VERSION = 5;
				DEVELOPMENT_TEAM = 5296P9QS3C;
				INFOPLIST_FILE = Shifu/Info.plist;
				IPHONEOS_DEPLOYMENT_TARGET = 16.0;
				LD_RUNPATH_SEARCH_PATHS = (
					"$(inherited)",
					"@executable_path/Frameworks",
				);
				MARKETING_VERSION = 1.0.0;
				MODULE_NAME = ExampleApp;
				OTHER_LDFLAGS = (
					"$(inherited)",
					"-l\"sqlite3\"",
					"-l\"z\"",
					"-framework",
					"\"CFNetwork\"",
					"-framework",
					"\"CoreTelephony\"",
					"-framework",
					"\"GCDWebServer\"",
					"-framework",
					"\"MobileCoreServices\"",
					"-framework",
					"\"Reachability\"",
					"-framework",
					"\"Shifu\"",
					"-framework",
					"\"SystemConfiguration\"",
				);
				OTHER_SWIFT_FLAGS = "$(inherited)";
				PRODUCT_BUNDLE_IDENTIFIER = com.horidream.apps.ShifuExample;
				PRODUCT_NAME = "$(TARGET_NAME)";
				SUPPORTED_PLATFORMS = "iphoneos iphonesimulator";
				SUPPORTS_MACCATALYST = NO;
				SUPPORTS_MAC_DESIGNED_FOR_IPHONE_IPAD = YES;
				SUPPRESS_INTERNAL_LOG = disable;
				"SUPPRESS_INTERNAL_LOG[sdk=iphonesimulator*]" = disable;
				SWIFT_ACTIVE_COMPILATION_CONDITIONS = Xcode14;
				SWIFT_OPTIMIZATION_LEVEL = "-Onone";
				SWIFT_SUPPRESS_WARNINGS = NO;
				SWIFT_VERSION = 5.0;
				TARGETED_DEVICE_FAMILY = "1,2";
				WARNING_LDFLAGS = "";
			};
			name = Debug;
		};
		607FACF11AFB9204008FA782 /* Release */ = {
			isa = XCBuildConfiguration;
			baseConfigurationReference = 1644DEFD6C63BD54572233F6 /* Pods-ShifuExample.release.xcconfig */;
			buildSettings = {
				ALWAYS_EMBED_SWIFT_STANDARD_LIBRARIES = "$(inherited)";
				ASSETCATALOG_COMPILER_ALTERNATE_APPICON_NAMES = "Chunli Chunli2/Chunli76x76@2x~ipad.png";
				ASSETCATALOG_COMPILER_APPICON_NAME = AppIcon;
				BUILD_LIBRARY_FOR_DISTRIBUTION = NO;
				CLANG_ENABLE_MODULES = YES;
				CODE_SIGN_ENTITLEMENTS = ShifuExample.entitlements;
				CURRENT_PROJECT_VERSION = 5;
				DEVELOPMENT_TEAM = 5296P9QS3C;
				INFOPLIST_FILE = Shifu/Info.plist;
				IPHONEOS_DEPLOYMENT_TARGET = 16.0;
				LD_RUNPATH_SEARCH_PATHS = (
					"$(inherited)",
					"@executable_path/Frameworks",
				);
				MARKETING_VERSION = 1.0.0;
				MODULE_NAME = ExampleApp;
				OTHER_LDFLAGS = (
					"$(inherited)",
					"-l\"sqlite3\"",
					"-l\"z\"",
					"-framework",
					"\"CFNetwork\"",
					"-framework",
					"\"CoreTelephony\"",
					"-framework",
					"\"GCDWebServer\"",
					"-framework",
					"\"MobileCoreServices\"",
					"-framework",
					"\"Reachability\"",
					"-framework",
					"\"Shifu\"",
					"-framework",
					"\"SystemConfiguration\"",
				);
				OTHER_SWIFT_FLAGS = "$(inherited)";
				PRODUCT_BUNDLE_IDENTIFIER = com.horidream.apps.ShifuExample;
				PRODUCT_NAME = "$(TARGET_NAME)";
				SUPPORTED_PLATFORMS = "iphoneos iphonesimulator";
				SUPPORTS_MACCATALYST = NO;
				SUPPORTS_MAC_DESIGNED_FOR_IPHONE_IPAD = YES;
				SUPPRESS_INTERNAL_LOG = "";
				SWIFT_ACTIVE_COMPILATION_CONDITIONS = Xcode14;
				SWIFT_SUPPRESS_WARNINGS = NO;
				SWIFT_VERSION = 5.0;
				TARGETED_DEVICE_FAMILY = "1,2";
				WARNING_LDFLAGS = "";
			};
			name = Release;
		};
/* End XCBuildConfiguration section */

/* Begin XCConfigurationList section */
		3CB1071C280721B8007E4F5B /* Build configuration list for PBXNativeTarget "ShifuExampleTests" */ = {
			isa = XCConfigurationList;
			buildConfigurations = (
				3CB1071D280721B8007E4F5B /* Debug */,
				3CB1071E280721B8007E4F5B /* Release */,
			);
			defaultConfigurationIsVisible = 0;
			defaultConfigurationName = Release;
		};
		607FACCB1AFB9204008FA782 /* Build configuration list for PBXProject "Shifu" */ = {
			isa = XCConfigurationList;
			buildConfigurations = (
				607FACED1AFB9204008FA782 /* Debug */,
				607FACEE1AFB9204008FA782 /* Release */,
			);
			defaultConfigurationIsVisible = 0;
			defaultConfigurationName = Release;
		};
		607FACEF1AFB9204008FA782 /* Build configuration list for PBXNativeTarget "ShifuExample" */ = {
			isa = XCConfigurationList;
			buildConfigurations = (
				607FACF01AFB9204008FA782 /* Debug */,
				607FACF11AFB9204008FA782 /* Release */,
			);
			defaultConfigurationIsVisible = 0;
			defaultConfigurationName = Release;
		};
/* End XCConfigurationList section */
	};
	rootObject = 607FACC81AFB9204008FA782 /* Project object */;
}
